{
  "name": "workspace",
  "version": "1.0.0",
  "lockfileVersion": 3,
  "requires": true,
  "packages": {
    "": {
      "name": "workspace",
      "version": "1.0.0",
      "license": "ISC",
      "dependencies": {
        "@samasante/liquid-glass": "^0.1.1"
      }
    },
    "node_modules/@samasante/liquid-glass": {
      "version": "0.1.1",
      "resolved": "http://package-firewall.replit.internal/npm/@samasante/liquid-glass/-/liquid-glass-0.1.1.tgz",
      "integrity": "sha512-i4cQzlwmpYnVl9eBDuBFyPsOsuBMMYDp1ijxul5Z/H+ns5aQ1qiVV5pTEBbO4EQo8ct+eVlS9bVZW8YUfX6nXg==",
      "license": "MIT",
      "peerDependencies": {
        "react": ">=18",
        "react-dom": ">=18"
      }
    },
    "node_modules/react": {
      "version": "19.3.0",
      "resolved": "http://package-firewall.replit.internal/npm/react/-/react-19.3.0.tgz",
      "integrity": "sha512-E8LUcbtBWt20bbl2YoHfx4ZDBdxVTfOKtCZn9cDSJ4l6/nuoApcpIBcj47t2wZoVX8g2ZHuMHbiShgCR1T5Sog==",
      "license": "MIT",
      "peer": true,
      "engines": {
        "node": ">=0.10.0"
      }
    },
    "node_modules/react-dom": {
      "version": "19.3.0",
      "resolved": "http://package-firewall.replit.internal/npm/react-dom/-/react-dom-19.3.0.tgz",
      "integrity": "sha512-JDk8dgif51OjFoDE70+OT9ICyYr+69HlmihNwp1+Nsfbna3t5sIiCa9ZJktDmQ4/1b/rn26hIAR2uYXDMr5r0Q==",
      "license": "MIT",
      "peer": true,
      "dependencies": {
        "scheduler": "^0.28.0"
      },
      "peerDependencies": {
        "react": "^19.3.0"
      }
    },
    "node_modules/scheduler": {
      "version": "0.28.0",
      "resolved": "http://package-firewall.replit.internal/npm/scheduler/-/scheduler-0.28.0.tgz",
      "integrity": "sha512-juorfCmIkIw8tT+p5BXSm6PJjQF/ycEYmKyzURCIt/RaZIhL+PulbQ9Yu2z1HdOJDdqDTlxA1+xKBmHXJsczAw==",
      "license": "MIT"
    }
  }
}
